{
  "nodes": {
    "nixpkgs": {
      "locked": {
        "lastModified": 315532800,
        "narHash": "sha256-3wzxSaI0N/+1tzNzjufWMWoP/S3j6q+PlJkR42h6MWk=",
        "rev": "ec62ae342c340d24289735e31eb9155261cd5fe7",
        "type": "tarball",
        "url": "https://releases.nixos.org/nixpkgs/nixpkgs-25.11pre811122.ec62ae342c34/nixexprs.tar.xz"
      },
      "original": {
        "type": "tarball",
        "url": "https://channels.nixos.org/nixpkgs-unstable/nixexprs.tar.xz"
      }
    },
    "root": {
      "inputs": {
        "nixpkgs": "nixpkgs"
      }
    }
  },
  "root": "root",
  "version": 7
}
